// !$*UTF8*$!
{
	archiveVersion = 1;
	classes = {
	};
	objectVersion = 46;
	objects = {

/* Begin PBXBuildFile section */
		62388D141986F30300E47478 /* ContentCollectionCell.m in Sources */ = {isa = PBXBuildFile; fileRef = 62388D111986F30300E47478 /* ContentCollectionCell.m */; };
		62388D151986F30300E47478 /* ImageCollectionCell.m in Sources */ = {isa = PBXBuildFile; fileRef = 62388D131986F30300E47478 /* ImageCollectionCell.m */; };
		62388D181986F33300E47478 /* PlaceCollection.m in Sources */ = {isa = PBXBuildFile; fileRef = 62388D171986F33300E47478 /* PlaceCollection.m */; };
		62388D1B1986F48100E47478 /* CollectionCell.m in Sources */ = {isa = PBXBuildFile; fileRef = 62388D1A1986F48100E47478 /* CollectionCell.m */; };
		62388D1E198704A800E47478 /* MarqueeLabel.m in Sources */ = {isa = PBXBuildFile; fileRef = 62388D1D198704A800E47478 /* MarqueeLabel.m */; };
		627702D7198162EE00659151 /* Foundation.framework in Frameworks */ = {isa = PBXBuildFile; fileRef = 627702D6198162EE00659151 /* Foundation.framework */; };
		627702D9198162EE00659151 /* CoreGraphics.framework in Frameworks */ = {isa = PBXBuildFile; fileRef = 627702D8198162EE00659151 /* CoreGraphics.framework */; };
		627702DB198162EE00659151 /* UIKit.framework in Frameworks */ = {isa = PBXBuildFile; fileRef = 627702DA198162EE00659151 /* UIKit.framework */; };
		627702E1198162EE00659151 /* InfoPlist.strings in Resources */ = {isa = PBXBuildFile; fileRef = 627702DF198162EE00659151 /* InfoPlist.strings */; };
		627702E3198162EE00659151 /* main.m in Sources */ = {isa = PBXBuildFile; fileRef = 627702E2198162EE00659151 /* main.m */; };
		627702E7198162EE00659151 /* AppDelegate.m in Sources */ = {isa = PBXBuildFile; fileRef = 627702E6198162EE00659151 /* AppDelegate.m */; };
		627702EA198162EE00659151 /* Main.storyboard in Resources */ = {isa = PBXBuildFile; fileRef = 627702E8198162EE00659151 /* Main.storyboard */; };
		627702ED198162EE00659151 /* ViewController.m in Sources */ = {isa = PBXBuildFile; fileRef = 627702EC198162EE00659151 /* ViewController.m */; };
		627702EF198162EE00659151 /* Images.xcassets in Resources */ = {isa = PBXBuildFile; fileRef = 627702EE198162EE00659151 /* Images.xcassets */; };
		627702F6198162EE00659151 /* XCTest.framework in Frameworks */ = {isa = PBXBuildFile; fileRef = 627702F5198162EE00659151 /* XCTest.framework */; };
		627702F7198162EE00659151 /* Foundation.framework in Frameworks */ = {isa = PBXBuildFile; fileRef = 627702D6198162EE00659151 /* Foundation.framework */; };
		627702F8198162EE00659151 /* UIKit.framework in Frameworks */ = {isa = PBXBuildFile; fileRef = 627702DA198162EE00659151 /* UIKit.framework */; };
		62770300198162EE00659151 /* InfoPlist.strings in Resources */ = {isa = PBXBuildFile; fileRef = 627702FE198162EE00659151 /* InfoPlist.strings */; };
		62770302198162EE00659151 /* Cell_Xpandable_Content_TestTests.m in Sources */ = {isa = PBXBuildFile; fileRef = 62770301198162EE00659151 /* Cell_Xpandable_Content_TestTests.m */; };
		6277030D198163DF00659151 /* StandarCustomCell.m in Sources */ = {isa = PBXBuildFile; fileRef = 6277030C198163DF00659151 /* StandarCustomCell.m */; };
		627703101981640100659151 /* ContentCustomCell.m in Sources */ = {isa = PBXBuildFile; fileRef = 6277030F1981640100659151 /* ContentCustomCell.m */; };
		6277031319819C6A00659151 /* PlacesPL.plist in Resources */ = {isa = PBXBuildFile; fileRef = 6277031219819C6A00659151 /* PlacesPL.plist */; };
		6277031519819C9C00659151 /* ImagesPL.plist in Resources */ = {isa = PBXBuildFile; fileRef = 6277031419819C9C00659151 /* ImagesPL.plist */; };
		6277033819819CD000659151 /* HMH&CDC.jpg in Resources */ = {isa = PBXBuildFile; fileRef = 6277031719819CD000659151 /* HMH&CDC.jpg */; };
		6277033919819CD000659151 /* AG.jpg in Resources */ = {isa = PBXBuildFile; fileRef = 6277031819819CD000659151 /* AG.jpg */; };
		6277033A19819CD000659151 /* AL.jpg in Resources */ = {isa = PBXBuildFile; fileRef = 6277031919819CD000659151 /* AL.jpg */; };
		6277033B19819CD000659151 /* Alariz.jpg in Resources */ = {isa = PBXBuildFile; fileRef = 6277031A19819CD000659151 /* Alariz.jpg */; };
		6277033C19819CD000659151 /* Barocco.jpg in Resources */ = {isa = PBXBuildFile; fileRef = 6277031B19819CD000659151 /* Barocco.jpg */; };
		6277033D19819CD000659151 /* BC.jpg in Resources */ = {isa = PBXBuildFile; fileRef = 6277031C19819CD000659151 /* BC.jpg */; };
		6277033E19819CD000659151 /* BZ.jpg in Resources */ = {isa = PBXBuildFile; fileRef = 6277031D19819CD000659151 /* BZ.jpg */; };
		6277033F19819CD000659151 /* Catedral.jpg in Resources */ = {isa = PBXBuildFile; fileRef = 6277031E19819CD000659151 /* Catedral.jpg */; };
		6277034019819CD000659151 /* CMP.jpg in Resources */ = {isa = PBXBuildFile; fileRef = 6277031F19819CD000659151 /* CMP.jpg */; };
		6277034119819CD000659151 /* E2.jpg in Resources */ = {isa = PBXBuildFile; fileRef = 6277032019819CD000659151 /* E2.jpg */; };
		6277034219819CD000659151 /* ET.jpg in Resources */ = {isa = PBXBuildFile; fileRef = 6277032119819CD000659151 /* ET.jpg */; };
		6277034319819CD000659151 /* FAGGCC.jpg in Resources */ = {isa = PBXBuildFile; fileRef = 6277032219819CD000659151 /* FAGGCC.jpg */; };
		6277034419819CD000659151 /* FS.jpg in Resources */ = {isa = PBXBuildFile; fileRef = 6277032319819CD000659151 /* FS.jpg */; };
		6277034519819CD000659151 /* GP.jpg in Resources */ = {isa = PBXBuildFile; fileRef = 6277032419819CD000659151 /* GP.jpg */; };
		6277034619819CD000659151 /* HIHGE.jpg in Resources */ = {isa = PBXBuildFile; fileRef = 6277032519819CD000659151 /* HIHGE.jpg */; };
		6277034719819CD000659151 /* ICC.jpg in Resources */ = {isa = PBXBuildFile; fileRef = 6277032619819CD000659151 /* ICC.jpg */; };
		6277034819819CD000659151 /* LA.jpg in Resources */ = {isa = PBXBuildFile; fileRef = 6277032719819CD000659151 /* LA.jpg */; };
		6277034919819CD000659151 /* LB.jpg in Resources */ = {isa = PBXBuildFile; fileRef = 6277032819819CD000659151 /* LB.jpg */; };
		6277034A19819CD000659151 /* LFN.jpg in Resources */ = {isa = PBXBuildFile; fileRef = 6277032919819CD000659151 /* LFN.jpg */; };
		6277034B19819CD000659151 /* LMS.jpg in Resources */ = {isa = PBXBuildFile; fileRef = 6277032A19819CD000659151 /* LMS.jpg */; };
		6277034C19819CD000659151 /* LT.jpg in Resources */ = {isa = PBXBuildFile; fileRef = 6277032B19819CD000659151 /* LT.jpg */; };
		6277034D19819CD000659151 /* NHG.jpg in Resources */ = {isa = PBXBuildFile; fileRef = 6277032C19819CD000659151 /* NHG.jpg */; };
		6277034E19819CD000659151 /* PP.jpg in Resources */ = {isa = PBXBuildFile; fileRef = 6277032D19819CD000659151 /* PP.jpg */; };
		6277034F19819CD000659151 /* REG.jpg in Resources */ = {isa = PBXBuildFile; fileRef = 6277032E19819CD000659151 /* REG.jpg */; };
		6277035019819CD000659151 /* RT.jpg in Resources */ = {isa = PBXBuildFile; fileRef = 6277032F19819CD000659151 /* RT.jpg */; };
		6277035119819CD000659151 /* Sagrantino.jpg in Resources */ = {isa = PBXBuildFile; fileRef = 6277033019819CD000659151 /* Sagrantino.jpg */; };
		6277035219819CD000659151 /* Suehiro.jpg in Resources */ = {isa = PBXBuildFile; fileRef = 6277033119819CD000659151 /* Suehiro.jpg */; };
		6277035319819CD000659151 /* T&M.jpg in Resources */ = {isa = PBXBuildFile; fileRef = 6277033219819CD000659151 /* T&M.jpg */; };
		6277035419819CD000659151 /* TD.jpg in Resources */ = {isa = PBXBuildFile; fileRef = 6277033319819CD000659151 /* TD.jpg */; };
		6277035519819CD000659151 /* TWG.jpg in Resources */ = {isa = PBXBuildFile; fileRef = 6277033419819CD000659151 /* TWG.jpg */; };
		6277035619819CD000659151 /* VEG.jpg in Resources */ = {isa = PBXBuildFile; fileRef = 6277033519819CD000659151 /* VEG.jpg */; };
		6277035719819CD000659151 /* VG.jpg in Resources */ = {isa = PBXBuildFile; fileRef = 6277033619819CD000659151 /* VG.jpg */; };
		6277035819819CD000659151 /* ZG.jpg in Resources */ = {isa = PBXBuildFile; fileRef = 6277033719819CD000659151 /* ZG.jpg */; };
		62C231451981B2EE006FD3D6 /* QuartzCore.framework in Frameworks */ = {isa = PBXBuildFile; fileRef = 62C231441981B2EE006FD3D6 /* QuartzCore.framework */; };
/* End PBXBuildFile section */

/* Begin PBXContainerItemProxy section */
		627702F9198162EE00659151 /* PBXContainerItemProxy */ = {
			isa = PBXContainerItemProxy;
			containerPortal = 627702CB198162EE00659151 /* Project object */;
			proxyType = 1;
			remoteGlobalIDString = 627702D2198162EE00659151;
			remoteInfo = "Cell Xpandable Content Test";
		};
/* End PBXContainerItemProxy section */

/* Begin PBXFileReference section */
		62388D101986F30300E47478 /* ContentCollectionCell.h */ = {isa = PBXFileReference; fileEncoding = 4; lastKnownFileType = sourcecode.c.h; path = ContentCollectionCell.h; sourceTree = "<group>"; };
		62388D111986F30300E47478 /* ContentCollectionCell.m */ = {isa = PBXFileReference; fileEncoding = 4; lastKnownFileType = sourcecode.c.objc; path = ContentCollectionCell.m; sourceTree = "<group>"; };
		62388D121986F30300E47478 /* ImageCollectionCell.h */ = {isa = PBXFileReference; fileEncoding = 4; lastKnownFileType = sourcecode.c.h; path = ImageCollectionCell.h; sourceTree = "<group>"; };
		62388D131986F30300E47478 /* ImageCollectionCell.m */ = {isa = PBXFileReference; fileEncoding = 4; lastKnownFileType = sourcecode.c.objc; path = ImageCollectionCell.m; sourceTree = "<group>"; };
		62388D161986F33300E47478 /* PlaceCollection.h */ = {isa = PBXFileReference; fileEncoding = 4; lastKnownFileType = sourcecode.c.h; path = PlaceCollection.h; sourceTree = "<group>"; };
		62388D171986F33300E47478 /* PlaceCollection.m */ = {isa = PBXFileReference; fileEncoding = 4; lastKnownFileType = sourcecode.c.objc; path = PlaceCollection.m; sourceTree = "<group>"; };
		62388D191986F48100E47478 /* CollectionCell.h */ = {isa = PBXFileReference; fileEncoding = 4; lastKnownFileType = sourcecode.c.h; path = CollectionCell.h; sourceTree = "<group>"; };
		62388D1A1986F48100E47478 /* CollectionCell.m */ = {isa = PBXFileReference; fileEncoding = 4; lastKnownFileType = sourcecode.c.objc; path = CollectionCell.m; sourceTree = "<group>"; };
		62388D1C198704A800E47478 /* MarqueeLabel.h */ = {isa = PBXFileReference; fileEncoding = 4; lastKnownFileType = sourcecode.c.h; path = MarqueeLabel.h; sourceTree = "<group>"; };
		62388D1D198704A800E47478 /* MarqueeLabel.m */ = {isa = PBXFileReference; fileEncoding = 4; lastKnownFileType = sourcecode.c.objc; path = MarqueeLabel.m; sourceTree = "<group>"; };
		627702D3198162EE00659151 /* Cell Xpandable Content Test.app */ = {isa = PBXFileReference; explicitFileType = wrapper.application; includeInIndex = 0; path = "Cell Xpandable Content Test.app"; sourceTree = BUILT_PRODUCTS_DIR; };
		627702D6198162EE00659151 /* Foundation.framework */ = {isa = PBXFileReference; lastKnownFileType = wrapper.framework; name = Foundation.framework; path = System/Library/Frameworks/Foundation.framework; sourceTree = SDKROOT; };
		627702D8198162EE00659151 /* CoreGraphics.framework */ = {isa = PBXFileReference; lastKnownFileType = wrapper.framework; name = CoreGraphics.framework; path = System/Library/Frameworks/CoreGraphics.framework; sourceTree = SDKROOT; };
		627702DA198162EE00659151 /* UIKit.framework */ = {isa = PBXFileReference; lastKnownFileType = wrapper.framework; name = UIKit.framework; path = System/Library/Frameworks/UIKit.framework; sourceTree = SDKROOT; };
		627702DE198162EE00659151 /* Cell Xpandable Content Test-Info.plist */ = {isa = PBXFileReference; lastKnownFileType = text.plist.xml; path = "Cell Xpandable Content Test-Info.plist"; sourceTree = "<group>"; };
		627702E0198162EE00659151 /* en */ = {isa = PBXFileReference; lastKnownFileType = text.plist.strings; name = en; path = en.lproj/InfoPlist.strings; sourceTree = "<group>"; };
		627702E2198162EE00659151 /* main.m */ = {isa = PBXFileReference; lastKnownFileType = sourcecode.c.objc; path = main.m; sourceTree = "<group>"; };
		627702E4198162EE00659151 /* Cell Xpandable Content Test-Prefix.pch */ = {isa = PBXFileReference; lastKnownFileType = sourcecode.c.h; path = "Cell Xpandable Content Test-Prefix.pch"; sourceTree = "<group>"; };
		627702E5198162EE00659151 /* AppDelegate.h */ = {isa = PBXFileReference; lastKnownFileType = sourcecode.c.h; path = AppDelegate.h; sourceTree = "<group>"; };
		627702E6198162EE00659151 /* AppDelegate.m */ = {isa = PBXFileReference; lastKnownFileType = sourcecode.c.objc; path = AppDelegate.m; sourceTree = "<group>"; };
		627702E9198162EE00659151 /* Base */ = {isa = PBXFileReference; lastKnownFileType = file.storyboard; name = Base; path = Base.lproj/Main.storyboard; sourceTree = "<group>"; };
		627702EB198162EE00659151 /* ViewController.h */ = {isa = PBXFileReference; lastKnownFileType = sourcecode.c.h; path = ViewController.h; sourceTree = "<group>"; };
		627702EC198162EE00659151 /* ViewController.m */ = {isa = PBXFileReference; lastKnownFileType = sourcecode.c.objc; path = ViewController.m; sourceTree = "<group>"; };
		627702EE198162EE00659151 /* Images.xcassets */ = {isa = PBXFileReference; lastKnownFileType = folder.assetcatalog; path = Images.xcassets; sourceTree = "<group>"; };
		627702F4198162EE00659151 /* Cell Xpandable Content TestTests.xctest */ = {isa = PBXFileReference; explicitFileType = wrapper.cfbundle; includeInIndex = 0; path = "Cell Xpandable Content TestTests.xctest"; sourceTree = BUILT_PRODUCTS_DIR; };
		627702F5198162EE00659151 /* XCTest.framework */ = {isa = PBXFileReference; lastKnownFileType = wrapper.framework; name = XCTest.framework; path = Library/Frameworks/XCTest.framework; sourceTree = DEVELOPER_DIR; };
		627702FD198162EE00659151 /* Cell Xpandable Content TestTests-Info.plist */ = {isa = PBXFileReference; lastKnownFileType = text.plist.xml; path = "Cell Xpandable Content TestTests-Info.plist"; sourceTree = "<group>"; };
		627702FF198162EE00659151 /* en */ = {isa = PBXFileReference; lastKnownFileType = text.plist.strings; name = en; path = en.lproj/InfoPlist.strings; sourceTree = "<group>"; };
		62770301198162EE00659151 /* Cell_Xpandable_Content_TestTests.m */ = {isa = PBXFileReference; lastKnownFileType = sourcecode.c.objc; path = Cell_Xpandable_Content_TestTests.m; sourceTree = "<group>"; };
		6277030B198163DF00659151 /* StandarCustomCell.h */ = {isa = PBXFileReference; fileEncoding = 4; lastKnownFileType = sourcecode.c.h; path = StandarCustomCell.h; sourceTree = "<group>"; };
		6277030C198163DF00659151 /* StandarCustomCell.m */ = {isa = PBXFileReference; fileEncoding = 4; lastKnownFileType = sourcecode.c.objc; path = StandarCustomCell.m; sourceTree = "<group>"; };
		6277030E1981640100659151 /* ContentCustomCell.h */ = {isa = PBXFileReference; fileEncoding = 4; lastKnownFileType = sourcecode.c.h; path = ContentCustomCell.h; sourceTree = "<group>"; };
		6277030F1981640100659151 /* ContentCustomCell.m */ = {isa = PBXFileReference; fileEncoding = 4; lastKnownFileType = sourcecode.c.objc; path = ContentCustomCell.m; sourceTree = "<group>"; };
		6277031219819C6A00659151 /* PlacesPL.plist */ = {isa = PBXFileReference; fileEncoding = 4; lastKnownFileType = text.plist.xml; path = PlacesPL.plist; sourceTree = "<group>"; };
		6277031419819C9C00659151 /* ImagesPL.plist */ = {isa = PBXFileReference; fileEncoding = 4; lastKnownFileType = text.plist.xml; path = ImagesPL.plist; sourceTree = "<group>"; };
		6277031719819CD000659151 /* HMH&CDC.jpg */ = {isa = PBXFileReference; lastKnownFileType = image.jpeg; path = "HMH&CDC.jpg"; sourceTree = "<group>"; };
		6277031819819CD000659151 /* AG.jpg */ = {isa = PBXFileReference; lastKnownFileType = image.jpeg; path = AG.jpg; sourceTree = "<group>"; };
		6277031919819CD000659151 /* AL.jpg */ = {isa = PBXFileReference; lastKnownFileType = image.jpeg; path = AL.jpg; sourceTree = "<group>"; };
		6277031A19819CD000659151 /* Alariz.jpg */ = {isa = PBXFileReference; lastKnownFileType = image.jpeg; path = Alariz.jpg; sourceTree = "<group>"; };
		6277031B19819CD000659151 /* Barocco.jpg */ = {isa = PBXFileReference; lastKnownFileType = image.jpeg; path = Barocco.jpg; sourceTree = "<group>"; };
		6277031C19819CD000659151 /* BC.jpg */ = {isa = PBXFileReference; lastKnownFileType = image.jpeg; path = BC.jpg; sourceTree = "<group>"; };
		6277031D19819CD000659151 /* BZ.jpg */ = {isa = PBXFileReference; lastKnownFileType = image.jpeg; path = BZ.jpg; sourceTree = "<group>"; };
		6277031E19819CD000659151 /* Catedral.jpg */ = {isa = PBXFileReference; lastKnownFileType = image.jpeg; path = Catedral.jpg; sourceTree = "<group>"; };
		6277031F19819CD000659151 /* CMP.jpg */ = {isa = PBXFileReference; lastKnownFileType = image.jpeg; path = CMP.jpg; sourceTree = "<group>"; };
		6277032019819CD000659151 /* E2.jpg */ = {isa = PBXFileReference; lastKnownFileType = image.jpeg; path = E2.jpg; sourceTree = "<group>"; };
		6277032119819CD000659151 /* ET.jpg */ = {isa = PBXFileReference; lastKnownFileType = image.jpeg; path = ET.jpg; sourceTree = "<group>"; };
		6277032219819CD000659151 /* FAGGCC.jpg */ = {isa = PBXFileReference; lastKnownFileType = image.jpeg; path = FAGGCC.jpg; sourceTree = "<group>"; };
		6277032319819CD000659151 /* FS.jpg */ = {isa = PBXFileReference; lastKnownFileType = image.jpeg; path = FS.jpg; sourceTree = "<group>"; };
		6277032419819CD000659151 /* GP.jpg */ = {isa = PBXFileReference; lastKnownFileType = image.jpeg; path = GP.jpg; sourceTree = "<group>"; };
		6277032519819CD000659151 /* HIHGE.jpg */ = {isa = PBXFileReference; lastKnownFileType = image.jpeg; path = HIHGE.jpg; sourceTree = "<group>"; };
		6277032619819CD000659151 /* ICC.jpg */ = {isa = PBXFileReference; lastKnownFileType = image.jpeg; path = ICC.jpg; sourceTree = "<group>"; };
		6277032719819CD000659151 /* LA.jpg */ = {isa = PBXFileReference; lastKnownFileType = image.jpeg; path = LA.jpg; sourceTree = "<group>"; };
		6277032819819CD000659151 /* LB.jpg */ = {isa = PBXFileReference; lastKnownFileType = image.jpeg; path = LB.jpg; sourceTree = "<group>"; };
		6277032919819CD000659151 /* LFN.jpg */ = {isa = PBXFileReference; lastKnownFileType = image.jpeg; path = LFN.jpg; sourceTree = "<group>"; };
		6277032A19819CD000659151 /* LMS.jpg */ = {isa = PBXFileReference; lastKnownFileType = image.jpeg; path = LMS.jpg; sourceTree = "<group>"; };
		6277032B19819CD000659151 /* LT.jpg */ = {isa = PBXFileReference; lastKnownFileType = image.jpeg; path = LT.jpg; sourceTree = "<group>"; };
		6277032C19819CD000659151 /* NHG.jpg */ = {isa = PBXFileReference; lastKnownFileType = image.jpeg; path = NHG.jpg; sourceTree = "<group>"; };
		6277032D19819CD000659151 /* PP.jpg */ = {isa = PBXFileReference; lastKnownFileType = image.jpeg; path = PP.jpg; sourceTree = "<group>"; };
		6277032E19819CD000659151 /* REG.jpg */ = {isa = PBXFileReference; lastKnownFileType = image.jpeg; path = REG.jpg; sourceTree = "<group>"; };
		6277032F19819CD000659151 /* RT.jpg */ = {isa = PBXFileReference; lastKnownFileType = image.jpeg; path = RT.jpg; sourceTree = "<group>"; };
		6277033019819CD000659151 /* Sagrantino.jpg */ = {isa = PBXFileReference; lastKnownFileType = image.jpeg; path = Sagrantino.jpg; sourceTree = "<group>"; };
		6277033119819CD000659151 /* Suehiro.jpg */ = {isa = PBXFileReference; lastKnownFileType = image.jpeg; path = Suehiro.jpg; sourceTree = "<group>"; };
		6277033219819CD000659151 /* T&M.jpg */ = {isa = PBXFileReference; lastKnownFileType = image.jpeg; path = "T&M.jpg"; sourceTree = "<group>"; };
		6277033319819CD000659151 /* TD.jpg */ = {isa = PBXFileReference; lastKnownFileType = image.jpeg; path = TD.jpg; sourceTree = "<group>"; };
		6277033419819CD000659151 /* TWG.jpg */ = {isa = PBXFileReference; lastKnownFileType = image.jpeg; path = TWG.jpg; sourceTree = "<group>"; };
		6277033519819CD000659151 /* VEG.jpg */ = {isa = PBXFileReference; lastKnownFileType = image.jpeg; path = VEG.jpg; sourceTree = "<group>"; };
		6277033619819CD000659151 /* VG.jpg */ = {isa = PBXFileReference; lastKnownFileType = image.jpeg; path = VG.jpg; sourceTree = "<group>"; };
		6277033719819CD000659151 /* ZG.jpg */ = {isa = PBXFileReference; lastKnownFileType = image.jpeg; path = ZG.jpg; sourceTree = "<group>"; };
		62C231441981B2EE006FD3D6 /* QuartzCore.framework */ = {isa = PBXFileReference; lastKnownFileType = wrapper.framework; name = QuartzCore.framework; path = System/Library/Frameworks/QuartzCore.framework; sourceTree = SDKROOT; };
/* End PBXFileReference section */

/* Begin PBXFrameworksBuildPhase section */
		627702D0198162EE00659151 /* Frameworks */ = {
			isa = PBXFrameworksBuildPhase;
			buildActionMask = 2147483647;
			files = (
				62C231451981B2EE006FD3D6 /* QuartzCore.framework in Frameworks */,
				627702D9198162EE00659151 /* CoreGraphics.framework in Frameworks */,
				627702DB198162EE00659151 /* UIKit.framework in Frameworks */,
				627702D7198162EE00659151 /* Foundation.framework in Frameworks */,
			);
			runOnlyForDeploymentPostprocessing = 0;
		};
		627702F1198162EE00659151 /* Frameworks */ = {
			isa = PBXFrameworksBuildPhase;
			buildActionMask = 2147483647;
			files = (
				627702F6198162EE00659151 /* XCTest.framework in Frameworks */,
				627702F8198162EE00659151 /* UIKit.framework in Frameworks */,
				627702F7198162EE00659151 /* Foundation.framework in Frameworks */,
			);
			runOnlyForDeploymentPostprocessing = 0;
		};
/* End PBXFrameworksBuildPhase section */

/* Begin PBXGroup section */
		62388D0F1986F2EC00E47478 /* Collection Cells */ = {
			isa = PBXGroup;
			children = (
				62388D101986F30300E47478 /* ContentCollectionCell.h */,
				62388D111986F30300E47478 /* ContentCollectionCell.m */,
				62388D121986F30300E47478 /* ImageCollectionCell.h */,
				62388D131986F30300E47478 /* ImageCollectionCell.m */,
			);
			name = "Collection Cells";
			sourceTree = "<group>";
		};
		627702CA198162EE00659151 = {
			isa = PBXGroup;
			children = (
				627702DC198162EE00659151 /* Cell Xpandable Content Test */,
				627702FB198162EE00659151 /* Cell Xpandable Content TestTests */,
				627702D5198162EE00659151 /* Frameworks */,
				627702D4198162EE00659151 /* Products */,
			);
			sourceTree = "<group>";
		};
		627702D4198162EE00659151 /* Products */ = {
			isa = PBXGroup;
			children = (
				627702D3198162EE00659151 /* Cell Xpandable Content Test.app */,
				627702F4198162EE00659151 /* Cell Xpandable Content TestTests.xctest */,
			);
			name = Products;
			sourceTree = "<group>";
		};
		627702D5198162EE00659151 /* Frameworks */ = {
			isa = PBXGroup;
			children = (
				62C231441981B2EE006FD3D6 /* QuartzCore.framework */,
				627702D6198162EE00659151 /* Foundation.framework */,
				627702D8198162EE00659151 /* CoreGraphics.framework */,
				627702DA198162EE00659151 /* UIKit.framework */,
				627702F5198162EE00659151 /* XCTest.framework */,
			);
			name = Frameworks;
			sourceTree = "<group>";
		};
		627702DC198162EE00659151 /* Cell Xpandable Content Test */ = {
			isa = PBXGroup;
			children = (
				62388D0F1986F2EC00E47478 /* Collection Cells */,
				627703111981640900659151 /* Custom Cells */,
				627703591981B02300659151 /* PLists */,
				6277031619819CC500659151 /* Images */,
				627702E5198162EE00659151 /* AppDelegate.h */,
				627702E6198162EE00659151 /* AppDelegate.m */,
				627702E8198162EE00659151 /* Main.storyboard */,
				627702EB198162EE00659151 /* ViewController.h */,
				627702EC198162EE00659151 /* ViewController.m */,
				62388D161986F33300E47478 /* PlaceCollection.h */,
				62388D171986F33300E47478 /* PlaceCollection.m */,
				62388D1C198704A800E47478 /* MarqueeLabel.h */,
				62388D1D198704A800E47478 /* MarqueeLabel.m */,
				627702EE198162EE00659151 /* Images.xcassets */,
				627702DD198162EE00659151 /* Supporting Files */,
			);
			path = "Cell Xpandable Content Test";
			sourceTree = "<group>";
		};
		627702DD198162EE00659151 /* Supporting Files */ = {
			isa = PBXGroup;
			children = (
				627702DE198162EE00659151 /* Cell Xpandable Content Test-Info.plist */,
				627702DF198162EE00659151 /* InfoPlist.strings */,
				627702E2198162EE00659151 /* main.m */,
				627702E4198162EE00659151 /* Cell Xpandable Content Test-Prefix.pch */,
			);
			name = "Supporting Files";
			sourceTree = "<group>";
		};
		627702FB198162EE00659151 /* Cell Xpandable Content TestTests */ = {
			isa = PBXGroup;
			children = (
				62770301198162EE00659151 /* Cell_Xpandable_Content_TestTests.m */,
				627702FC198162EE00659151 /* Supporting Files */,
			);
			path = "Cell Xpandable Content TestTests";
			sourceTree = "<group>";
		};
		627702FC198162EE00659151 /* Supporting Files */ = {
			isa = PBXGroup;
			children = (
				627702FD198162EE00659151 /* Cell Xpandable Content TestTests-Info.plist */,
				627702FE198162EE00659151 /* InfoPlist.strings */,
			);
			name = "Supporting Files";
			sourceTree = "<group>";
		};
		627703111981640900659151 /* Custom Cells */ = {
			isa = PBXGroup;
			children = (
				6277030B198163DF00659151 /* StandarCustomCell.h */,
				6277030C198163DF00659151 /* StandarCustomCell.m */,
				6277030E1981640100659151 /* ContentCustomCell.h */,
				6277030F1981640100659151 /* ContentCustomCell.m */,
				62388D191986F48100E47478 /* CollectionCell.h */,
				62388D1A1986F48100E47478 /* CollectionCell.m */,
			);
			name = "Custom Cells";
			sourceTree = "<group>";
		};
		6277031619819CC500659151 /* Images */ = {
			isa = PBXGroup;
			children = (
				6277031719819CD000659151 /* HMH&CDC.jpg */,
				6277031819819CD000659151 /* AG.jpg */,
				6277031919819CD000659151 /* AL.jpg */,
				6277031A19819CD000659151 /* Alariz.jpg */,
				6277031B19819CD000659151 /* Barocco.jpg */,
				6277031C19819CD000659151 /* BC.jpg */,
				6277031D19819CD000659151 /* BZ.jpg */,
				6277031E19819CD000659151 /* Catedral.jpg */,
				6277031F19819CD000659151 /* CMP.jpg */,
				6277032019819CD000659151 /* E2.jpg */,
				6277032119819CD000659151 /* ET.jpg */,
				6277032219819CD000659151 /* FAGGCC.jpg */,
				6277032319819CD000659151 /* FS.jpg */,
				6277032419819CD000659151 /* GP.jpg */,
				6277032519819CD000659151 /* HIHGE.jpg */,
				6277032619819CD000659151 /* ICC.jpg */,
				6277032719819CD000659151 /* LA.jpg */,
				6277032819819CD000659151 /* LB.jpg */,
				6277032919819CD000659151 /* LFN.jpg */,
				6277032A19819CD000659151 /* LMS.jpg */,
				6277032B19819CD000659151 /* LT.jpg */,
				6277032C19819CD000659151 /* NHG.jpg */,
				6277032D19819CD000659151 /* PP.jpg */,
				6277032E19819CD000659151 /* REG.jpg */,
				6277032F19819CD000659151 /* RT.jpg */,
				6277033019819CD000659151 /* Sagrantino.jpg */,
				6277033119819CD000659151 /* Suehiro.jpg */,
				6277033219819CD000659151 /* T&M.jpg */,
				6277033319819CD000659151 /* TD.jpg */,
				6277033419819CD000659151 /* TWG.jpg */,
				6277033519819CD000659151 /* VEG.jpg */,
				6277033619819CD000659151 /* VG.jpg */,
				6277033719819CD000659151 /* ZG.jpg */,
			);
			name = Images;
			sourceTree = "<group>";
		};
		627703591981B02300659151 /* PLists */ = {
			isa = PBXGroup;
			children = (
				6277031219819C6A00659151 /* PlacesPL.plist */,
				6277031419819C9C00659151 /* ImagesPL.plist */,
			);
			name = PLists;
			sourceTree = "<group>";
		};
/* End PBXGroup section */

/* Begin PBXNativeTarget section */
		627702D2198162EE00659151 /* Cell Xpandable Content Test */ = {
			isa = PBXNativeTarget;
			buildConfigurationList = 62770305198162EE00659151 /* Build configuration list for PBXNativeTarget "Cell Xpandable Content Test" */;
			buildPhases = (
				627702CF198162EE00659151 /* Sources */,
				627702D0198162EE00659151 /* Frameworks */,
				627702D1198162EE00659151 /* Resources */,
			);
			buildRules = (
			);
			dependencies = (
			);
			name = "Cell Xpandable Content Test";
			productName = "Cell Xpandable Content Test";
			productReference = 627702D3198162EE00659151 /* Cell Xpandable Content Test.app */;
			productType = "com.apple.product-type.application";
		};
		627702F3198162EE00659151 /* Cell Xpandable Content TestTests */ = {
			isa = PBXNativeTarget;
			buildConfigurationList = 62770308198162EE00659151 /* Build configuration list for PBXNativeTarget "Cell Xpandable Content TestTests" */;
			buildPhases = (
				627702F0198162EE00659151 /* Sources */,
				627702F1198162EE00659151 /* Frameworks */,
				627702F2198162EE00659151 /* Resources */,
			);
			buildRules = (
			);
			dependencies = (
				627702FA198162EE00659151 /* PBXTargetDependency */,
			);
			name = "Cell Xpandable Content TestTests";
			productName = "Cell Xpandable Content TestTests";
			productReference = 627702F4198162EE00659151 /* Cell Xpandable Content TestTests.xctest */;
			productType = "com.apple.product-type.bundle.unit-test";
		};
/* End PBXNativeTarget section */

/* Begin PBXProject section */
		627702CB198162EE00659151 /* Project object */ = {
			isa = PBXProject;
			attributes = {
				LastUpgradeCheck = 0510;
				ORGANIZATIONNAME = Chanti...;
				TargetAttributes = {
					627702F3198162EE00659151 = {
						TestTargetID = 627702D2198162EE00659151;
					};
				};
			};
			buildConfigurationList = 627702CE198162EE00659151 /* Build configuration list for PBXProject "Cell Xpandable Content Test" */;
			compatibilityVersion = "Xcode 3.2";
			developmentRegion = English;
			hasScannedForEncodings = 0;
			knownRegions = (
				en,
				Base,
			);
			mainGroup = 627702CA198162EE00659151;
			productRefGroup = 627702D4198162EE00659151 /* Products */;
			projectDirPath = "";
			projectRoot = "";
			targets = (
				627702D2198162EE00659151 /* Cell Xpandable Content Test */,
				627702F3198162EE00659151 /* Cell Xpandable Content TestTests */,
			);
		};
/* End PBXProject section */

/* Begin PBXResourcesBuildPhase section */
		627702D1198162EE00659151 /* Resources */ = {
			isa = PBXResourcesBuildPhase;
			buildActionMask = 2147483647;
			files = (
				6277034719819CD000659151 /* ICC.jpg in Resources */,
				6277033919819CD000659151 /* AG.jpg in Resources */,
				6277034F19819CD000659151 /* REG.jpg in Resources */,
				6277034819819CD000659151 /* LA.jpg in Resources */,
				6277033C19819CD000659151 /* Barocco.jpg in Resources */,
				6277031519819C9C00659151 /* ImagesPL.plist in Resources */,
				6277033A19819CD000659151 /* AL.jpg in Resources */,
				6277034A19819CD000659151 /* LFN.jpg in Resources */,
				6277031319819C6A00659151 /* PlacesPL.plist in Resources */,
				6277033819819CD000659151 /* HMH&CDC.jpg in Resources */,
				6277034519819CD000659151 /* GP.jpg in Resources */,
				6277035419819CD000659151 /* TD.jpg in Resources */,
				6277035619819CD000659151 /* VEG.jpg in Resources */,
				6277035719819CD000659151 /* VG.jpg in Resources */,
				6277033D19819CD000659151 /* BC.jpg in Resources */,
				6277034919819CD000659151 /* LB.jpg in Resources */,
				627702EF198162EE00659151 /* Images.xcassets in Resources */,
				6277034C19819CD000659151 /* LT.jpg in Resources */,
				6277034619819CD000659151 /* HIHGE.jpg in Resources */,
				6277034D19819CD000659151 /* NHG.jpg in Resources */,
				6277034419819CD000659151 /* FS.jpg in Resources */,
				6277034B19819CD000659151 /* LMS.jpg in Resources */,
				6277035519819CD000659151 /* TWG.jpg in Resources */,
				627702E1198162EE00659151 /* InfoPlist.strings in Resources */,
				6277033F19819CD000659151 /* Catedral.jpg in Resources */,
				6277034119819CD000659151 /* E2.jpg in Resources */,
				6277034E19819CD000659151 /* PP.jpg in Resources */,
				6277034019819CD000659151 /* CMP.jpg in Resources */,
				6277034319819CD000659151 /* FAGGCC.jpg in Resources */,
				6277035219819CD000659151 /* Suehiro.jpg in Resources */,
				6277035819819CD000659151 /* ZG.jpg in Resources */,
				6277035019819CD000659151 /* RT.jpg in Resources */,
				6277035319819CD000659151 /* T&M.jpg in Resources */,
				6277033E19819CD000659151 /* BZ.jpg in Resources */,
				6277035119819CD000659151 /* Sagrantino.jpg in Resources */,
				6277033B19819CD000659151 /* Alariz.jpg in Resources */,
				6277034219819CD000659151 /* ET.jpg in Resources */,
				627702EA198162EE00659151 /* Main.storyboard in Resources */,
			);
			runOnlyForDeploymentPostprocessing = 0;
		};
		627702F2198162EE00659151 /* Resources */ = {
			isa = PBXResourcesBuildPhase;
			buildActionMask = 2147483647;
			files = (
				62770300198162EE00659151 /* InfoPlist.strings in Resources */,
			);
			runOnlyForDeploymentPostprocessing = 0;
		};
/* End PBXResourcesBuildPhase section */

/* Begin PBXSourcesBuildPhase section */
		627702CF198162EE00659151 /* Sources */ = {
			isa = PBXSourcesBuildPhase;
			buildActionMask = 2147483647;
			files = (
				627702ED198162EE00659151 /* ViewController.m in Sources */,
				627702E7198162EE00659151 /* AppDelegate.m in Sources */,
				6277030D198163DF00659151 /* StandarCustomCell.m in Sources */,
				62388D1B1986F48100E47478 /* CollectionCell.m in Sources */,
				62388D141986F30300E47478 /* ContentCollectionCell.m in Sources */,
				62388D1E198704A800E47478 /* MarqueeLabel.m in Sources */,
				627703101981640100659151 /* ContentCustomCell.m in Sources */,
				62388D181986F33300E47478 /* PlaceCollection.m in Sources */,
				62388D151986F30300E47478 /* ImageCollectionCell.m in Sources */,
				627702E3198162EE00659151 /* main.m in Sources */,
			);
			runOnlyForDeploymentPostprocessing = 0;
		};
		627702F0198162EE00659151 /* Sources */ = {
			isa = PBXSourcesBuildPhase;
			buildActionMask = 2147483647;
			files = (
				62770302198162EE00659151 /* Cell_Xpandable_Content_TestTests.m in Sources */,
			);
			runOnlyForDeploymentPostprocessing = 0;
		};
/* End PBXSourcesBuildPhase section */

/* Begin PBXTargetDependency section */
		627702FA198162EE00659151 /* PBXTargetDependency */ = {
			isa = PBXTargetDependency;
			target = 627702D2198162EE00659151 /* Cell Xpandable Content Test */;
			targetProxy = 627702F9198162EE00659151 /* PBXContainerItemProxy */;
		};
/* End PBXTargetDependency section */

/* Begin PBXVariantGroup section */
		627702DF198162EE00659151 /* InfoPlist.strings */ = {
			isa = PBXVariantGroup;
			children = (
				627702E0198162EE00659151 /* en */,
			);
			name = InfoPlist.strings;
			sourceTree = "<group>";
		};
		627702E8198162EE00659151 /* Main.storyboard */ = {
			isa = PBXVariantGroup;
			children = (
				627702E9198162EE00659151 /* Base */,
			);
			name = Main.storyboard;
			sourceTree = "<group>";
		};
		627702FE198162EE00659151 /* InfoPlist.strings */ = {
			isa = PBXVariantGroup;
			children = (
				627702FF198162EE00659151 /* en */,
			);
			name = InfoPlist.strings;
			sourceTree = "<group>";
		};
/* End PBXVariantGroup section */

/* Begin XCBuildConfiguration section */
		62770303198162EE00659151 /* Debug */ = {
			isa = XCBuildConfiguration;
			buildSettings = {
				ALWAYS_SEARCH_USER_PATHS = NO;
				CLANG_CXX_LANGUAGE_STANDARD = "gnu++0x";
				CLANG_CXX_LIBRARY = "libc++";
				CLANG_ENABLE_MODULES = YES;
				CLANG_ENABLE_OBJC_ARC = YES;
				CLANG_WARN_BOOL_CONVERSION = YES;
				CLANG_WARN_CONSTANT_CONVERSION = YES;
				CLANG_WARN_DIRECT_OBJC_ISA_USAGE = YES_ERROR;
				CLANG_WARN_EMPTY_BODY = YES;
				CLANG_WARN_ENUM_CONVERSION = YES;
				CLANG_WARN_INT_CONVERSION = YES;
				CLANG_WARN_OBJC_ROOT_CLASS = YES_ERROR;
				CLANG_WARN__DUPLICATE_METHOD_MATCH = YES;
				"CODE_SIGN_IDENTITY[sdk=iphoneos*]" = "iPhone Developer";
				COPY_PHASE_STRIP = NO;
				GCC_C_LANGUAGE_STANDARD = gnu99;
				GCC_DYNAMIC_NO_PIC = NO;
				GCC_OPTIMIZATION_LEVEL = 0;
				GCC_PREPROCESSOR_DEFINITIONS = (
					"DEBUG=1",
					"$(inherited)",
				);
				GCC_SYMBOLS_PRIVATE_EXTERN = NO;
				GCC_WARN_64_TO_32_BIT_CONVERSION = YES;
				GCC_WARN_ABOUT_RETURN_TYPE = YES_ERROR;
				GCC_WARN_UNDECLARED_SELECTOR = YES;
				GCC_WARN_UNINITIALIZED_AUTOS = YES_AGGRESSIVE;
				GCC_WARN_UNUSED_FUNCTION = YES;
				GCC_WARN_UNUSED_VARIABLE = YES;
				IPHONEOS_DEPLOYMENT_TARGET = 7.1;
				ONLY_ACTIVE_ARCH = YES;
				SDKROOT = iphoneos;
			};
			name = Debug;
		};
		62770304198162EE00659151 /* Release */ = {
			isa = XCBuildConfiguration;
			buildSettings = {
				ALWAYS_SEARCH_USER_PATHS = NO;
				CLANG_CXX_LANGUAGE_STANDARD = "gnu++0x";
				CLANG_CXX_LIBRARY = "libc++";
				CLANG_ENABLE_MODULES = YES;
				CLANG_ENABLE_OBJC_ARC = YES;
				CLANG_WARN_BOOL_CONVERSION = YES;
				CLANG_WARN_CONSTANT_CONVERSION = YES;
				CLANG_WARN_DIRECT_OBJC_ISA_USAGE = YES_ERROR;
				CLANG_WARN_EMPTY_BODY = YES;
				CLANG_WARN_ENUM_CONVERSION = YES;
				CLANG_WARN_INT_CONVERSION = YES;
				CLANG_WARN_OBJC_ROOT_CLASS = YES_ERROR;
				CLANG_WARN__DUPLICATE_METHOD_MATCH = YES;
				"CODE_SIGN_IDENTITY[sdk=iphoneos*]" = "iPhone Developer";
				COPY_PHASE_STRIP = YES;
				ENABLE_NS_ASSERTIONS = NO;
				GCC_C_LANGUAGE_STANDARD = gnu99;
				GCC_WARN_64_TO_32_BIT_CONVERSION = YES;
				GCC_WARN_ABOUT_RETURN_TYPE = YES_ERROR;
				GCC_WARN_UNDECLARED_SELECTOR = YES;
				GCC_WARN_UNINITIALIZED_AUTOS = YES_AGGRESSIVE;
				GCC_WARN_UNUSED_FUNCTION = YES;
				GCC_WARN_UNUSED_VARIABLE = YES;
				IPHONEOS_DEPLOYMENT_TARGET = 7.1;
				SDKROOT = iphoneos;
				VALIDATE_PRODUCT = YES;
			};
			name = Release;
		};
		62770306198162EE00659151 /* Debug */ = {
			isa = XCBuildConfiguration;
			buildSettings = {
				ASSETCATALOG_COMPILER_APPICON_NAME = AppIcon;
				ASSETCATALOG_COMPILER_LAUNCHIMAGE_NAME = LaunchImage;
				GCC_PRECOMPILE_PREFIX_HEADER = YES;
				GCC_PREFIX_HEADER = "Cell Xpandable Content Test/Cell Xpandable Content Test-Prefix.pch";
				INFOPLIST_FILE = "Cell Xpandable Content Test/Cell Xpandable Content Test-Info.plist";
				PRODUCT_NAME = "$(TARGET_NAME)";
				WRAPPER_EXTENSION = app;
			};
			name = Debug;
		};
		62770307198162EE00659151 /* Release */ = {
			isa = XCBuildConfiguration;
			buildSettings = {
				ASSETCATALOG_COMPILER_APPICON_NAME = AppIcon;
				ASSETCATALOG_COMPILER_LAUNCHIMAGE_NAME = LaunchImage;
				GCC_PRECOMPILE_PREFIX_HEADER = YES;
				GCC_PREFIX_HEADER = "Cell Xpandable Content Test/Cell Xpandable Content Test-Prefix.pch";
				INFOPLIST_FILE = "Cell Xpandable Content Test/Cell Xpandable Content Test-Info.plist";
				PRODUCT_NAME = "$(TARGET_NAME)";
				WRAPPER_EXTENSION = app;
			};
			name = Release;
		};
		62770309198162EE00659151 /* Debug */ = {
			isa = XCBuildConfiguration;
			buildSettings = {
				BUNDLE_LOADER = "$(BUILT_PRODUCTS_DIR)/Cell Xpandable Content Test.app/Cell Xpandable Content Test";
				FRAMEWORK_SEARCH_PATHS = (
					"$(SDKROOT)/Developer/Library/Frameworks",
					"$(inherited)",
					"$(DEVELOPER_FRAMEWORKS_DIR)",
				);
				GCC_PRECOMPILE_PREFIX_HEADER = YES;
				GCC_PREFIX_HEADER = "Cell Xpandable Content Test/Cell Xpandable Content Test-Prefix.pch";
				GCC_PREPROCESSOR_DEFINITIONS = (
					"DEBUG=1",
					"$(inherited)",
				);
				INFOPLIST_FILE = "Cell Xpandable Content TestTests/Cell Xpandable Content TestTests-Info.plist";
				PRODUCT_NAME = "$(TARGET_NAME)";
				TEST_HOST = "$(BUNDLE_LOADER)";
				WRAPPER_EXTENSION = xctest;
			};
			name = Debug;
		};
		6277030A198162EE00659151 /* Release */ = {
			isa = XCBuildConfiguration;
			buildSettings = {
				BUNDLE_LOADER = "$(BUILT_PRODUCTS_DIR)/Cell Xpandable Content Test.app/Cell Xpandable Content Test";
				FRAMEWORK_SEARCH_PATHS = (
					"$(SDKROOT)/Developer/Library/Frameworks",
					"$(inherited)",
					"$(DEVELOPER_FRAMEWORKS_DIR)",
				);
				GCC_PRECOMPILE_PREFIX_HEADER = YES;
				GCC_PREFIX_HEADER = "Cell Xpandable Content Test/Cell Xpandable Content Test-Prefix.pch";
				INFOPLIST_FILE = "Cell Xpandable Content TestTests/Cell Xpandable Content TestTests-Info.plist";
				PRODUCT_NAME = "$(TARGET_NAME)";
				TEST_HOST = "$(BUNDLE_LOADER)";
				WRAPPER_EXTENSION = xctest;
			};
			name = Release;
		};
/* End XCBuildConfiguration section */

/* Begin XCConfigurationList section */
		627702CE198162EE00659151 /* Build configuration list for PBXProject "Cell Xpandable Content Test" */ = {
			isa = XCConfigurationList;
			buildConfigurations = (
				62770303198162EE00659151 /* Debug */,
				62770304198162EE00659151 /* Release */,
			);
			defaultConfigurationIsVisible = 0;
			defaultConfigurationName = Release;
		};
		62770305198162EE00659151 /* Build configuration list for PBXNativeTarget "Cell Xpandable Content Test" */ = {
			isa = XCConfigurationList;
			buildConfigurations = (
				62770306198162EE00659151 /* Debug */,
				62770307198162EE00659151 /* Release */,
			);
			defaultConfigurationIsVisible = 0;
			defaultConfigurationName = Release;
		};
		62770308198162EE00659151 /* Build configuration list for PBXNativeTarget "Cell Xpandable Content TestTests" */ = {
			isa = XCConfigurationList;
			buildConfigurations = (
				62770309198162EE00659151 /* Debug */,
				6277030A198162EE00659151 /* Release */,
			);
			defaultConfigurationIsVisible = 0;
			defaultConfigurationName = Release;
		};
/* End XCConfigurationList section */
	};
	rootObject = 627702CB198162EE00659151 /* Project object */;
}
